
Microsoft Visual Studio Solution File, Format Version 12.00
# Visual Studio 14
VisualStudioVersion = 14.0.24720.0
MinimumVisualStudioVersion = 10.0.40219.1
Project("{B4F06084-9BC4-4154-A3F3-58A4F12D3AB3}") = "Texture", "src\Texture\Texture.xproj", "{45779F1F-C081-4377-B80A-E9ABB520145A}"
EndProject
Project("{B4F06084-9BC4-4154-A3F3-58A4F12D3AB3}") = "Texture.Test", "test\Texture.Test\Texture.Test.xproj", "{BA7A14A6-3DB2-4431-8ABD-88FEE3EA004E}"
EndProject
Global
	GlobalSection(SolutionConfigurationPlatforms) = preSolution
		Debug|Any CPU = Debug|Any CPU
		Release|Any CPU = Release|Any CPU
	EndGlobalSection
	GlobalSection(ProjectConfigurationPlatforms) = postSolution
		{45779F1F-C081-4377-B80A-E9ABB520145A}.Debug|Any CPU.ActiveCfg = Debug|Any CPU
		{45779F1F-C081-4377-B80A-E9ABB520145A}.Debug|Any CPU.Build.0 = Debug|Any CPU
		{45779F1F-C081-4377-B80A-E9ABB520145A}.Release|Any CPU.ActiveCfg = Release|Any CPU
		{45779F1F-C081-4377-B80A-E9ABB520145A}.Release|Any CPU.Build.0 = Release|Any CPU
		{BA7A14A6-3DB2-4431-8ABD-88FEE3EA004E}.Debug|Any CPU.ActiveCfg = Debug|Any CPU
		{BA7A14A6-3DB2-4431-8ABD-88FEE3EA004E}.Debug|Any CPU.Build.0 = Debug|Any CPU
		{BA7A14A6-3DB2-4431-8ABD-88FEE3EA004E}.Release|Any CPU.ActiveCfg = Release|Any CPU
		{BA7A14A6-3DB2-4431-8ABD-88FEE3EA004E}.Release|Any CPU.Build.0 = Release|Any CPU
	EndGlobalSection
	GlobalSection(SolutionProperties) = preSolution
		HideSolutionNode = FALSE
	EndGlobalSection
EndGlobal
